
Microsoft Visual Studio Solution File, Format Version 12.00
# Visual Studio Version 17
VisualStudioVersion = 17.11.35327.3
MinimumVisualStudioVersion = 10.0.40219.1
Project("{9A19103F-16F7-4668-BE54-9A1E7A4F7556}") = "Libreria", "Libreria\Libreria.csproj", "{1B7CF0BB-6822-49D6-B70F-CCCA612F9EF6}"
EndProject
Global
	GlobalSection(SolutionConfigurationPlatforms) = preSolution
		Debug|Any CPU = Debug|Any CPU
		Release|Any CPU = Release|Any CPU
	EndGlobalSection
	GlobalSection(ProjectConfigurationPlatforms) = postSolution
		{1B7CF0BB-6822-49D6-B70F-CCCA612F9EF6}.Debug|Any CPU.ActiveCfg = Debug|Any CPU
		{1B7CF0BB-6822-49D6-B70F-CCCA612F9EF6}.Debug|Any CPU.Build.0 = Debug|Any CPU
		{1B7CF0BB-6822-49D6-B70F-CCCA612F9EF6}.Release|Any CPU.ActiveCfg = Release|Any CPU
		{1B7CF0BB-6822-49D6-B70F-CCCA612F9EF6}.Release|Any CPU.Build.0 = Release|Any CPU
	EndGlobalSection
	GlobalSection(SolutionProperties) = preSolution
		HideSolutionNode = FALSE
	EndGlobalSection
	GlobalSection(ExtensibilityGlobals) = postSolution
		SolutionGuid = {ED9CA972-A633-40C5-B7DF-05620D67FEB7}
	EndGlobalSection
EndGlobal
